Microsoft Visual Studio Solution File, Format Version 11.00
# Visual Studio 2010
Project("{FAE04EC0-301F-11D3-BF4B-00C04F79EFBC}") = "Assembly-CSharp", "Assembly-CSharp.csproj", "{D3CE95E6-6E2F-9DE3-553F-33B549D7AA20}"
EndProject
Project("{FAE04EC0-301F-11D3-BF4B-00C04F79EFBC}") = "Assembly-CSharp-Editor", "Assembly-CSharp-Editor.csproj", "{58631B01-BCD7-EC48-B3BE-095E7D3D28DE}"
EndProject
Global
	GlobalSection(SolutionConfigurationPlatforms) = preSolution
		Debug|Any CPU = Debug|Any CPU
		Release|Any CPU = Release|Any CPU
	EndGlobalSection
	GlobalSection(ProjectConfigurationPlatforms) = postSolution
		{D3CE95E6-6E2F-9DE3-553F-33B549D7AA20}.Debug|Any CPU.ActiveCfg = Debug|Any CPU
		{D3CE95E6-6E2F-9DE3-553F-33B549D7AA20}.Debug|Any CPU.Build.0 = Debug|Any CPU
		{D3CE95E6-6E2F-9DE3-553F-33B549D7AA20}.Release|Any CPU.ActiveCfg = Release|Any CPU
		{D3CE95E6-6E2F-9DE3-553F-33B549D7AA20}.Release|Any CPU.Build.0 = Release|Any CPU
		{58631B01-BCD7-EC48-B3BE-095E7D3D28DE}.Debug|Any CPU.ActiveCfg = Debug|Any CPU
		{58631B01-BCD7-EC48-B3BE-095E7D3D28DE}.Debug|Any CPU.Build.0 = Debug|Any CPU
		{58631B01-BCD7-EC48-B3BE-095E7D3D28DE}.Release|Any CPU.ActiveCfg = Release|Any CPU
		{58631B01-BCD7-EC48-B3BE-095E7D3D28DE}.Release|Any CPU.Build.0 = Release|Any CPU
	EndGlobalSection
	GlobalSection(SolutionProperties) = preSolution
		HideSolutionNode = FALSE
	EndGlobalSection
	GlobalSection(MonoDevelopProperties) = preSolution
		StartupItem = Assembly-CSharp.csproj
	EndGlobalSection
EndGlobal
